// !$*UTF8*$!
{
	archiveVersion = 1;
	classes = {
	};
	objectVersion = 46;
	objects = {

/* Begin PBXBuildFile section */
		6803E5B015F5D5F4003D790C /* FCSplitViewController.m in Sources */ = {isa = PBXBuildFile; fileRef = 6803E5AF15F5D5F4003D790C /* FCSplitViewController.m */; };
		6803E61F15F71934003D790C /* es.png in Resources */ = {isa = PBXBuildFile; fileRef = 6803E61E15F71934003D790C /* es.png */; };
		6803E62115F71D4C003D790C /* config.png in Resources */ = {isa = PBXBuildFile; fileRef = 6803E62015F71D4C003D790C /* config.png */; };
		6803E63715F752DB003D790C /* NSDate+RelativeExtension.m in Sources */ = {isa = PBXBuildFile; fileRef = 6803E63615F752DA003D790C /* NSDate+RelativeExtension.m */; };
		680594FF1608C5B100D727CD /* Note.m in Sources */ = {isa = PBXBuildFile; fileRef = 680594FE1608C5B100D727CD /* Note.m */; };
		6807897C15F97EA6009F3D8A /* WebKit.framework in Frameworks */ = {isa = PBXBuildFile; fileRef = 6807897B15F97EA6009F3D8A /* WebKit.framework */; };
		684582D91601897100809CBD /* icon_settings.png in Resources */ = {isa = PBXBuildFile; fileRef = 684582D81601897100809CBD /* icon_settings.png */; };
		6891B4581604746400755DBD /* Entry.m in Sources */ = {isa = PBXBuildFile; fileRef = 6891B4571604746400755DBD /* Entry.m */; };
		689DC9F115F84927006CED9B /* LoginViewController.m in Sources */ = {isa = PBXBuildFile; fileRef = 689DC9F015F84927006CED9B /* LoginViewController.m */; };
		689DEC0415F789E4007C5F56 /* WR_fbicon_200x200.png in Resources */ = {isa = PBXBuildFile; fileRef = 689DEC0315F789E4007C5F56 /* WR_fbicon_200x200.png */; };
		68A2AC5215F36697009678FF /* UIKit.framework in Frameworks */ = {isa = PBXBuildFile; fileRef = 68A2AC5115F36697009678FF /* UIKit.framework */; };
		68A2AC5415F36697009678FF /* Foundation.framework in Frameworks */ = {isa = PBXBuildFile; fileRef = 68A2AC5315F36697009678FF /* Foundation.framework */; };
		68A2AC5615F36697009678FF /* CoreGraphics.framework in Frameworks */ = {isa = PBXBuildFile; fileRef = 68A2AC5515F36697009678FF /* CoreGraphics.framework */; };
		68A2AC5815F36697009678FF /* CoreData.framework in Frameworks */ = {isa = PBXBuildFile; fileRef = 68A2AC5715F36697009678FF /* CoreData.framework */; };
		68A2AC5E15F36697009678FF /* InfoPlist.strings in Resources */ = {isa = PBXBuildFile; fileRef = 68A2AC5C15F36697009678FF /* InfoPlist.strings */; };
		68A2AC6015F36697009678FF /* main.m in Sources */ = {isa = PBXBuildFile; fileRef = 68A2AC5F15F36697009678FF /* main.m */; };
		68A2AC6415F36697009678FF /* FCAppDelegate.m in Sources */ = {isa = PBXBuildFile; fileRef = 68A2AC6315F36697009678FF /* FCAppDelegate.m */; };
		68A2AC6715F36697009678FF /* MainStoryboard.storyboard in Resources */ = {isa = PBXBuildFile; fileRef = 68A2AC6515F36697009678FF /* MainStoryboard.storyboard */; };
		68A2AC6A15F36697009678FF /* FlashCard.xcdatamodeld in Sources */ = {isa = PBXBuildFile; fileRef = 68A2AC6815F36697009678FF /* FlashCard.xcdatamodeld */; };
		68A2AC6D15F36697009678FF /* FCMasterViewController.m in Sources */ = {isa = PBXBuildFile; fileRef = 68A2AC6C15F36697009678FF /* FCMasterViewController.m */; };
		68A2AC7015F36697009678FF /* FCDetailViewController.m in Sources */ = {isa = PBXBuildFile; fileRef = 68A2AC6F15F36697009678FF /* FCDetailViewController.m */; };
		68A2AC7815F36697009678FF /* SenTestingKit.framework in Frameworks */ = {isa = PBXBuildFile; fileRef = 68A2AC7715F36697009678FF /* SenTestingKit.framework */; };
		68A2AC7915F36697009678FF /* UIKit.framework in Frameworks */ = {isa = PBXBuildFile; fileRef = 68A2AC5115F36697009678FF /* UIKit.framework */; };
		68A2AC7A15F36697009678FF /* Foundation.framework in Frameworks */ = {isa = PBXBuildFile; fileRef = 68A2AC5315F36697009678FF /* Foundation.framework */; };
		68A2AC7B15F36697009678FF /* CoreData.framework in Frameworks */ = {isa = PBXBuildFile; fileRef = 68A2AC5715F36697009678FF /* CoreData.framework */; };
		68A2AC8315F36697009678FF /* InfoPlist.strings in Resources */ = {isa = PBXBuildFile; fileRef = 68A2AC8115F36697009678FF /* InfoPlist.strings */; };
		68A2AC8615F36697009678FF /* FlashCardTests.m in Sources */ = {isa = PBXBuildFile; fileRef = 68A2AC8515F36697009678FF /* FlashCardTests.m */; };
		68A2AC9C15F497FB009678FF /* Parse.framework in Frameworks */ = {isa = PBXBuildFile; fileRef = 68A2AC9B15F497FB009678FF /* Parse.framework */; };
		68A2AC9E15F49844009678FF /* AudioToolbox.framework in Frameworks */ = {isa = PBXBuildFile; fileRef = 68A2AC9D15F49844009678FF /* AudioToolbox.framework */; };
		68A2ACA015F49850009678FF /* CFNetwork.framework in Frameworks */ = {isa = PBXBuildFile; fileRef = 68A2AC9F15F49850009678FF /* CFNetwork.framework */; };
		68A2ACA215F4986D009678FF /* libsqlite3.dylib in Frameworks */ = {isa = PBXBuildFile; fileRef = 68A2ACA115F4986D009678FF /* libsqlite3.dylib */; };
		68A2ACA415F4987B009678FF /* libz.1.1.3.dylib in Frameworks */ = {isa = PBXBuildFile; fileRef = 68A2ACA315F4987B009678FF /* libz.1.1.3.dylib */; };
		68A2ACA615F49886009678FF /* QuartzCore.framework in Frameworks */ = {isa = PBXBuildFile; fileRef = 68A2ACA515F49886009678FF /* QuartzCore.framework */; };
		68A2ACA815F4988D009678FF /* Security.framework in Frameworks */ = {isa = PBXBuildFile; fileRef = 68A2ACA715F4988D009678FF /* Security.framework */; };
		68A2ACAA15F49894009678FF /* StoreKit.framework in Frameworks */ = {isa = PBXBuildFile; fileRef = 68A2ACA915F49894009678FF /* StoreKit.framework */; };
		68A2ACAC15F4989B009678FF /* SystemConfiguration.framework in Frameworks */ = {isa = PBXBuildFile; fileRef = 68A2ACAB15F4989B009678FF /* SystemConfiguration.framework */; };
		68A2ACF215F49E6C009678FF /* MobileCoreServices.framework in Frameworks */ = {isa = PBXBuildFile; fileRef = 68A2ACF115F49E6C009678FF /* MobileCoreServices.framework */; };
		68C7730F1604835B00715D5B /* ConfigViewController.m in Sources */ = {isa = PBXBuildFile; fileRef = 68C7730D1604835B00715D5B /* ConfigViewController.m */; };
		68C773121604EBA400715D5B /* LanguageViewController.m in Sources */ = {isa = PBXBuildFile; fileRef = 68C773111604EBA400715D5B /* LanguageViewController.m */; };
		68C7731A1605C03500715D5B /* SDTableView.m in Sources */ = {isa = PBXBuildFile; fileRef = 68C773191605C03500715D5B /* SDTableView.m */; };
/* End PBXBuildFile section */

/* Begin PBXContainerItemProxy section */
		68A2AC7C15F36697009678FF /* PBXContainerItemProxy */ = {
			isa = PBXContainerItemProxy;
			containerPortal = 68A2AC4415F36696009678FF /* Project object */;
			proxyType = 1;
			remoteGlobalIDString = 68A2AC4C15F36696009678FF;
			remoteInfo = FlashCard;
		};
/* End PBXContainerItemProxy section */

/* Begin PBXFileReference section */
		6803E5AE15F5D5F4003D790C /* FCSplitViewController.h */ = {isa = PBXFileReference; fileEncoding = 4; lastKnownFileType = sourcecode.c.h; path = FCSplitViewController.h; sourceTree = "<group>"; };
		6803E5AF15F5D5F4003D790C /* FCSplitViewController.m */ = {isa = PBXFileReference; fileEncoding = 4; lastKnownFileType = sourcecode.c.objc; path = FCSplitViewController.m; sourceTree = "<group>"; };
		6803E61E15F71934003D790C /* es.png */ = {isa = PBXFileReference; lastKnownFileType = image.png; path = es.png; sourceTree = "<group>"; };
		6803E62015F71D4C003D790C /* config.png */ = {isa = PBXFileReference; lastKnownFileType = image.png; path = config.png; sourceTree = "<group>"; };
		6803E63515F752DA003D790C /* NSDate+RelativeExtension.h */ = {isa = PBXFileReference; fileEncoding = 4; lastKnownFileType = sourcecode.c.h; path = "NSDate+RelativeExtension.h"; sourceTree = "<group>"; };
		6803E63615F752DA003D790C /* NSDate+RelativeExtension.m */ = {isa = PBXFileReference; fileEncoding = 4; lastKnownFileType = sourcecode.c.objc; path = "NSDate+RelativeExtension.m"; sourceTree = "<group>"; };
		680594FD1608C5B100D727CD /* Note.h */ = {isa = PBXFileReference; fileEncoding = 4; lastKnownFileType = sourcecode.c.h; path = Note.h; sourceTree = "<group>"; };
		680594FE1608C5B100D727CD /* Note.m */ = {isa = PBXFileReference; fileEncoding = 4; lastKnownFileType = sourcecode.c.objc; path = Note.m; sourceTree = "<group>"; };
		6807897715F97CC9009F3D8A /* WebView.h */ = {isa = PBXFileReference; fileEncoding = 4; lastKnownFileType = sourcecode.c.h; path = WebView.h; sourceTree = "<group>"; };
		6807897815F97CC9009F3D8A /* WAKView.h */ = {isa = PBXFileReference; fileEncoding = 4; lastKnownFileType = sourcecode.c.h; path = WAKView.h; sourceTree = "<group>"; };
		6807897915F97CC9009F3D8A /* UIWebDocumentView.h */ = {isa = PBXFileReference; fileEncoding = 4; lastKnownFileType = sourcecode.c.h; path = UIWebDocumentView.h; sourceTree = "<group>"; };
		6807897A15F97CC9009F3D8A /* WAKResponder.h */ = {isa = PBXFileReference; fileEncoding = 4; lastKnownFileType = sourcecode.c.h; path = WAKResponder.h; sourceTree = "<group>"; };
		6807897B15F97EA6009F3D8A /* WebKit.framework */ = {isa = PBXFileReference; lastKnownFileType = wrapper.framework; name = WebKit.framework; path = System/Library/PrivateFrameworks/WebKit.framework; sourceTree = SDKROOT; };
		684582D81601897100809CBD /* icon_settings.png */ = {isa = PBXFileReference; lastKnownFileType = image.png; name = icon_settings.png; path = ../../../Downloads/twg_iphone_toolbar_icons/icon_settings.png; sourceTree = "<group>"; };
		6891B4561604746400755DBD /* Entry.h */ = {isa = PBXFileReference; fileEncoding = 4; lastKnownFileType = sourcecode.c.h; path = Entry.h; sourceTree = "<group>"; };
		6891B4571604746400755DBD /* Entry.m */ = {isa = PBXFileReference; fileEncoding = 4; lastKnownFileType = sourcecode.c.objc; path = Entry.m; sourceTree = "<group>"; };
		689DC9EF15F84927006CED9B /* LogInViewController.h */ = {isa = PBXFileReference; fileEncoding = 4; lastKnownFileType = sourcecode.c.h; path = LogInViewController.h; sourceTree = "<group>"; };
		689DC9F015F84927006CED9B /* LoginViewController.m */ = {isa = PBXFileReference; fileEncoding = 4; lastKnownFileType = sourcecode.c.objc; path = LoginViewController.m; sourceTree = "<group>"; };
		689DEC0315F789E4007C5F56 /* WR_fbicon_200x200.png */ = {isa = PBXFileReference; lastKnownFileType = image.png; path = WR_fbicon_200x200.png; sourceTree = "<group>"; };
		68A2AC4D15F36696009678FF /* FlashCard.app */ = {isa = PBXFileReference; explicitFileType = wrapper.application; includeInIndex = 0; path = FlashCard.app; sourceTree = BUILT_PRODUCTS_DIR; };
		68A2AC5115F36697009678FF /* UIKit.framework */ = {isa = PBXFileReference; lastKnownFileType = wrapper.framework; name = UIKit.framework; path = System/Library/Frameworks/UIKit.framework; sourceTree = SDKROOT; };
		68A2AC5315F36697009678FF /* Foundation.framework */ = {isa = PBXFileReference; lastKnownFileType = wrapper.framework; name = Foundation.framework; path = System/Library/Frameworks/Foundation.framework; sourceTree = SDKROOT; };
		68A2AC5515F36697009678FF /* CoreGraphics.framework */ = {isa = PBXFileReference; lastKnownFileType = wrapper.framework; name = CoreGraphics.framework; path = System/Library/Frameworks/CoreGraphics.framework; sourceTree = SDKROOT; };
		68A2AC5715F36697009678FF /* CoreData.framework */ = {isa = PBXFileReference; lastKnownFileType = wrapper.framework; name = CoreData.framework; path = System/Library/Frameworks/CoreData.framework; sourceTree = SDKROOT; };
		68A2AC5B15F36697009678FF /* FlashCard-Info.plist */ = {isa = PBXFileReference; lastKnownFileType = text.plist.xml; path = "FlashCard-Info.plist"; sourceTree = "<group>"; };
		68A2AC5D15F36697009678FF /* en */ = {isa = PBXFileReference; lastKnownFileType = text.plist.strings; name = en; path = en.lproj/InfoPlist.strings; sourceTree = "<group>"; };
		68A2AC5F15F36697009678FF /* main.m */ = {isa = PBXFileReference; lastKnownFileType = sourcecode.c.objc; path = main.m; sourceTree = "<group>"; };
		68A2AC6115F36697009678FF /* FlashCard-Prefix.pch */ = {isa = PBXFileReference; lastKnownFileType = sourcecode.c.h; path = "FlashCard-Prefix.pch"; sourceTree = "<group>"; };
		68A2AC6215F36697009678FF /* FCAppDelegate.h */ = {isa = PBXFileReference; lastKnownFileType = sourcecode.c.h; path = FCAppDelegate.h; sourceTree = "<group>"; };
		68A2AC6315F36697009678FF /* FCAppDelegate.m */ = {isa = PBXFileReference; lastKnownFileType = sourcecode.c.objc; path = FCAppDelegate.m; sourceTree = "<group>"; };
		68A2AC6615F36697009678FF /* en */ = {isa = PBXFileReference; lastKnownFileType = file.storyboard; name = en; path = en.lproj/MainStoryboard.storyboard; sourceTree = "<group>"; };
		68A2AC6915F36697009678FF /* FlashCard.xcdatamodel */ = {isa = PBXFileReference; lastKnownFileType = wrapper.xcdatamodel; path = FlashCard.xcdatamodel; sourceTree = "<group>"; };
		68A2AC6B15F36697009678FF /* FCMasterViewController.h */ = {isa = PBXFileReference; lastKnownFileType = sourcecode.c.h; path = FCMasterViewController.h; sourceTree = "<group>"; };
		68A2AC6C15F36697009678FF /* FCMasterViewController.m */ = {isa = PBXFileReference; lastKnownFileType = sourcecode.c.objc; path = FCMasterViewController.m; sourceTree = "<group>"; };
		68A2AC6E15F36697009678FF /* FCDetailViewController.h */ = {isa = PBXFileReference; lastKnownFileType = sourcecode.c.h; path = FCDetailViewController.h; sourceTree = "<group>"; };
		68A2AC6F15F36697009678FF /* FCDetailViewController.m */ = {isa = PBXFileReference; lastKnownFileType = sourcecode.c.objc; path = FCDetailViewController.m; sourceTree = "<group>"; };
		68A2AC7615F36697009678FF /* FlashCardTests.octest */ = {isa = PBXFileReference; explicitFileType = wrapper.cfbundle; includeInIndex = 0; path = FlashCardTests.octest; sourceTree = BUILT_PRODUCTS_DIR; };
		68A2AC7715F36697009678FF /* SenTestingKit.framework */ = {isa = PBXFileReference; lastKnownFileType = wrapper.framework; name = SenTestingKit.framework; path = Library/Frameworks/SenTestingKit.framework; sourceTree = DEVELOPER_DIR; };
		68A2AC8015F36697009678FF /* FlashCardTests-Info.plist */ = {isa = PBXFileReference; lastKnownFileType = text.plist.xml; path = "FlashCardTests-Info.plist"; sourceTree = "<group>"; };
		68A2AC8215F36697009678FF /* en */ = {isa = PBXFileReference; lastKnownFileType = text.plist.strings; name = en; path = en.lproj/InfoPlist.strings; sourceTree = "<group>"; };
		68A2AC8415F36697009678FF /* FlashCardTests.h */ = {isa = PBXFileReference; lastKnownFileType = sourcecode.c.h; path = FlashCardTests.h; sourceTree = "<group>"; };
		68A2AC8515F36697009678FF /* FlashCardTests.m */ = {isa = PBXFileReference; lastKnownFileType = sourcecode.c.objc; path = FlashCardTests.m; sourceTree = "<group>"; };
		68A2AC9B15F497FB009678FF /* Parse.framework */ = {isa = PBXFileReference; lastKnownFileType = wrapper.framework; path = Parse.framework; sourceTree = "<group>"; };
		68A2AC9D15F49844009678FF /* AudioToolbox.framework */ = {isa = PBXFileReference; lastKnownFileType = wrapper.framework; name = AudioToolbox.framework; path = System/Library/Frameworks/AudioToolbox.framework; sourceTree = SDKROOT; };
		68A2AC9F15F49850009678FF /* CFNetwork.framework */ = {isa = PBXFileReference; lastKnownFileType = wrapper.framework; name = CFNetwork.framework; path = System/Library/Frameworks/CFNetwork.framework; sourceTree = SDKROOT; };
		68A2ACA115F4986D009678FF /* libsqlite3.dylib */ = {isa = PBXFileReference; lastKnownFileType = "compiled.mach-o.dylib"; name = libsqlite3.dylib; path = usr/lib/libsqlite3.dylib; sourceTree = SDKROOT; };
		68A2ACA315F4987B009678FF /* libz.1.1.3.dylib */ = {isa = PBXFileReference; lastKnownFileType = "compiled.mach-o.dylib"; name = libz.1.1.3.dylib; path = usr/lib/libz.1.1.3.dylib; sourceTree = SDKROOT; };
		68A2ACA515F49886009678FF /* QuartzCore.framework */ = {isa = PBXFileReference; lastKnownFileType = wrapper.framework; name = QuartzCore.framework; path = System/Library/Frameworks/QuartzCore.framework; sourceTree = SDKROOT; };
		68A2ACA715F4988D009678FF /* Security.framework */ = {isa = PBXFileReference; lastKnownFileType = wrapper.framework; name = Security.framework; path = System/Library/Frameworks/Security.framework; sourceTree = SDKROOT; };
		68A2ACA915F49894009678FF /* StoreKit.framework */ = {isa = PBXFileReference; lastKnownFileType = wrapper.framework; name = StoreKit.framework; path = System/Library/Frameworks/StoreKit.framework; sourceTree = SDKROOT; };
		68A2ACAB15F4989B009678FF /* SystemConfiguration.framework */ = {isa = PBXFileReference; lastKnownFileType = wrapper.framework; name = SystemConfiguration.framework; path = System/Library/Frameworks/SystemConfiguration.framework; sourceTree = SDKROOT; };
		68A2ACF115F49E6C009678FF /* MobileCoreServices.framework */ = {isa = PBXFileReference; lastKnownFileType = wrapper.framework; name = MobileCoreServices.framework; path = System/Library/Frameworks/MobileCoreServices.framework; sourceTree = SDKROOT; };
		68C7730D1604835B00715D5B /* ConfigViewController.m */ = {isa = PBXFileReference; fileEncoding = 4; lastKnownFileType = sourcecode.c.objc; path = ConfigViewController.m; sourceTree = "<group>"; };
		68C7730E1604835B00715D5B /* ConfigViewController.h */ = {isa = PBXFileReference; fileEncoding = 4; lastKnownFileType = sourcecode.c.h; path = ConfigViewController.h; sourceTree = "<group>"; };
		68C773101604EBA400715D5B /* LanguageViewController.h */ = {isa = PBXFileReference; fileEncoding = 4; lastKnownFileType = sourcecode.c.h; path = LanguageViewController.h; sourceTree = "<group>"; };
		68C773111604EBA400715D5B /* LanguageViewController.m */ = {isa = PBXFileReference; fileEncoding = 4; lastKnownFileType = sourcecode.c.objc; path = LanguageViewController.m; sourceTree = "<group>"; };
		68C773141605BF1D00715D5B /* SDTableView.h */ = {isa = PBXFileReference; fileEncoding = 4; lastKnownFileType = sourcecode.c.h; name = SDTableView.h; path = ../SDTableView.h; sourceTree = "<group>"; };
		68C773191605C03500715D5B /* SDTableView.m */ = {isa = PBXFileReference; fileEncoding = 4; lastKnownFileType = sourcecode.c.objc; path = SDTableView.m; sourceTree = "<group>"; };
/* End PBXFileReference section */

/* Begin PBXFrameworksBuildPhase section */
		68A2AC4A15F36696009678FF /* Frameworks */ = {
			isa = PBXFrameworksBuildPhase;
			buildActionMask = 2147483647;
			files = (
				6807897C15F97EA6009F3D8A /* WebKit.framework in Frameworks */,
				68A2ACF215F49E6C009678FF /* MobileCoreServices.framework in Frameworks */,
				68A2ACAC15F4989B009678FF /* SystemConfiguration.framework in Frameworks */,
				68A2ACAA15F49894009678FF /* StoreKit.framework in Frameworks */,
				68A2ACA815F4988D009678FF /* Security.framework in Frameworks */,
				68A2ACA615F49886009678FF /* QuartzCore.framework in Frameworks */,
				68A2ACA415F4987B009678FF /* libz.1.1.3.dylib in Frameworks */,
				68A2ACA215F4986D009678FF /* libsqlite3.dylib in Frameworks */,
				68A2AC5615F36697009678FF /* CoreGraphics.framework in Frameworks */,
				68A2ACA015F49850009678FF /* CFNetwork.framework in Frameworks */,
				68A2AC9E15F49844009678FF /* AudioToolbox.framework in Frameworks */,
				68A2AC5215F36697009678FF /* UIKit.framework in Frameworks */,
				68A2AC5415F36697009678FF /* Foundation.framework in Frameworks */,
				68A2AC5815F36697009678FF /* CoreData.framework in Frameworks */,
				68A2AC9C15F497FB009678FF /* Parse.framework in Frameworks */,
			);
			runOnlyForDeploymentPostprocessing = 0;
		};
		68A2AC7215F36697009678FF /* Frameworks */ = {
			isa = PBXFrameworksBuildPhase;
			buildActionMask = 2147483647;
			files = (
				68A2AC7815F36697009678FF /* SenTestingKit.framework in Frameworks */,
				68A2AC7915F36697009678FF /* UIKit.framework in Frameworks */,
				68A2AC7A15F36697009678FF /* Foundation.framework in Frameworks */,
				68A2AC7B15F36697009678FF /* CoreData.framework in Frameworks */,
			);
			runOnlyForDeploymentPostprocessing = 0;
		};
/* End PBXFrameworksBuildPhase section */

/* Begin PBXGroup section */
		68A2AC4215F36696009678FF = {
			isa = PBXGroup;
			children = (
				6807897B15F97EA6009F3D8A /* WebKit.framework */,
				68A2ACF115F49E6C009678FF /* MobileCoreServices.framework */,
				68A2ACAB15F4989B009678FF /* SystemConfiguration.framework */,
				68A2ACA915F49894009678FF /* StoreKit.framework */,
				68A2ACA715F4988D009678FF /* Security.framework */,
				68A2ACA515F49886009678FF /* QuartzCore.framework */,
				68A2ACA315F4987B009678FF /* libz.1.1.3.dylib */,
				68A2ACA115F4986D009678FF /* libsqlite3.dylib */,
				68A2AC9F15F49850009678FF /* CFNetwork.framework */,
				68A2AC9D15F49844009678FF /* AudioToolbox.framework */,
				68A2AC5915F36697009678FF /* FlashCard */,
				68A2AC7E15F36697009678FF /* FlashCardTests */,
				68A2AC5015F36696009678FF /* Frameworks */,
				68A2AC4E15F36696009678FF /* Products */,
			);
			sourceTree = "<group>";
		};
		68A2AC4E15F36696009678FF /* Products */ = {
			isa = PBXGroup;
			children = (
				68A2AC4D15F36696009678FF /* FlashCard.app */,
				68A2AC7615F36697009678FF /* FlashCardTests.octest */,
			);
			name = Products;
			sourceTree = "<group>";
		};
		68A2AC5015F36696009678FF /* Frameworks */ = {
			isa = PBXGroup;
			children = (
				68A2AC9B15F497FB009678FF /* Parse.framework */,
				68A2AC5115F36697009678FF /* UIKit.framework */,
				68A2AC5315F36697009678FF /* Foundation.framework */,
				68A2AC5515F36697009678FF /* CoreGraphics.framework */,
				68A2AC5715F36697009678FF /* CoreData.framework */,
				68A2AC7715F36697009678FF /* SenTestingKit.framework */,
			);
			name = Frameworks;
			sourceTree = "<group>";
		};
		68A2AC5915F36697009678FF /* FlashCard */ = {
			isa = PBXGroup;
			children = (
				68C773141605BF1D00715D5B /* SDTableView.h */,
				68C7730D1604835B00715D5B /* ConfigViewController.m */,
				68C7730E1604835B00715D5B /* ConfigViewController.h */,
				6807897715F97CC9009F3D8A /* WebView.h */,
				6807897815F97CC9009F3D8A /* WAKView.h */,
				6807897915F97CC9009F3D8A /* UIWebDocumentView.h */,
				6807897A15F97CC9009F3D8A /* WAKResponder.h */,
				689DC9EF15F84927006CED9B /* LogInViewController.h */,
				689DC9F015F84927006CED9B /* LoginViewController.m */,
				68A2AC6215F36697009678FF /* FCAppDelegate.h */,
				68A2AC6315F36697009678FF /* FCAppDelegate.m */,
				68A2AC6515F36697009678FF /* MainStoryboard.storyboard */,
				68C773101604EBA400715D5B /* LanguageViewController.h */,
				68C773111604EBA400715D5B /* LanguageViewController.m */,
				6803E5AE15F5D5F4003D790C /* FCSplitViewController.h */,
				6803E5AF15F5D5F4003D790C /* FCSplitViewController.m */,
				68A2AC6B15F36697009678FF /* FCMasterViewController.h */,
				68A2AC6C15F36697009678FF /* FCMasterViewController.m */,
				6803E63515F752DA003D790C /* NSDate+RelativeExtension.h */,
				6803E63615F752DA003D790C /* NSDate+RelativeExtension.m */,
				68A2AC6E15F36697009678FF /* FCDetailViewController.h */,
				68A2AC6F15F36697009678FF /* FCDetailViewController.m */,
				6891B4561604746400755DBD /* Entry.h */,
				6891B4571604746400755DBD /* Entry.m */,
				68A2AC6815F36697009678FF /* FlashCard.xcdatamodeld */,
				680594FD1608C5B100D727CD /* Note.h */,
				680594FE1608C5B100D727CD /* Note.m */,
				68A2AC5A15F36697009678FF /* Supporting Files */,
				68C773191605C03500715D5B /* SDTableView.m */,
			);
			path = FlashCard;
			sourceTree = "<group>";
		};
		68A2AC5A15F36697009678FF /* Supporting Files */ = {
			isa = PBXGroup;
			children = (
				684582D81601897100809CBD /* icon_settings.png */,
				689DEC0315F789E4007C5F56 /* WR_fbicon_200x200.png */,
				6803E62015F71D4C003D790C /* config.png */,
				6803E61E15F71934003D790C /* es.png */,
				68A2AC5B15F36697009678FF /* FlashCard-Info.plist */,
				68A2AC5C15F36697009678FF /* InfoPlist.strings */,
				68A2AC5F15F36697009678FF /* main.m */,
				68A2AC6115F36697009678FF /* FlashCard-Prefix.pch */,
			);
			name = "Supporting Files";
			sourceTree = "<group>";
		};
		68A2AC7E15F36697009678FF /* FlashCardTests */ = {
			isa = PBXGroup;
			children = (
				68A2AC8415F36697009678FF /* FlashCardTests.h */,
				68A2AC8515F36697009678FF /* FlashCardTests.m */,
				68A2AC7F15F36697009678FF /* Supporting Files */,
			);
			path = FlashCardTests;
			sourceTree = "<group>";
		};
		68A2AC7F15F36697009678FF /* Supporting Files */ = {
			isa = PBXGroup;
			children = (
				68A2AC8015F36697009678FF /* FlashCardTests-Info.plist */,
				68A2AC8115F36697009678FF /* InfoPlist.strings */,
			);
			name = "Supporting Files";
			sourceTree = "<group>";
		};
/* End PBXGroup section */

/* Begin PBXNativeTarget section */
		68A2AC4C15F36696009678FF /* FlashCard */ = {
			isa = PBXNativeTarget;
			buildConfigurationList = 68A2AC8915F36697009678FF /* Build configuration list for PBXNativeTarget "FlashCard" */;
			buildPhases = (
				68A2AC4915F36696009678FF /* Sources */,
				68A2AC4A15F36696009678FF /* Frameworks */,
				68A2AC4B15F36696009678FF /* Resources */,
			);
			buildRules = (
			);
			dependencies = (
			);
			name = FlashCard;
			productName = FlashCard;
			productReference = 68A2AC4D15F36696009678FF /* FlashCard.app */;
			productType = "com.apple.product-type.application";
		};
		68A2AC7515F36697009678FF /* FlashCardTests */ = {
			isa = PBXNativeTarget;
			buildConfigurationList = 68A2AC8C15F36697009678FF /* Build configuration list for PBXNativeTarget "FlashCardTests" */;
			buildPhases = (
				68A2AC7115F36697009678FF /* Sources */,
				68A2AC7215F36697009678FF /* Frameworks */,
				68A2AC7315F36697009678FF /* Resources */,
				68A2AC7415F36697009678FF /* ShellScript */,
			);
			buildRules = (
			);
			dependencies = (
				68A2AC7D15F36697009678FF /* PBXTargetDependency */,
			);
			name = FlashCardTests;
			productName = FlashCardTests;
			productReference = 68A2AC7615F36697009678FF /* FlashCardTests.octest */;
			productType = "com.apple.product-type.bundle";
		};
/* End PBXNativeTarget section */

/* Begin PBXProject section */
		68A2AC4415F36696009678FF /* Project object */ = {
			isa = PBXProject;
			attributes = {
				LastUpgradeCheck = 0420;
			};
			buildConfigurationList = 68A2AC4715F36696009678FF /* Build configuration list for PBXProject "FlashCard" */;
			compatibilityVersion = "Xcode 3.2";
			developmentRegion = English;
			hasScannedForEncodings = 0;
			knownRegions = (
				en,
			);
			mainGroup = 68A2AC4215F36696009678FF;
			productRefGroup = 68A2AC4E15F36696009678FF /* Products */;
			projectDirPath = "";
			projectRoot = "";
			targets = (
				68A2AC4C15F36696009678FF /* FlashCard */,
				68A2AC7515F36697009678FF /* FlashCardTests */,
			);
		};
/* End PBXProject section */

/* Begin PBXResourcesBuildPhase section */
		68A2AC4B15F36696009678FF /* Resources */ = {
			isa = PBXResourcesBuildPhase;
			buildActionMask = 2147483647;
			files = (
				68A2AC5E15F36697009678FF /* InfoPlist.strings in Resources */,
				68A2AC6715F36697009678FF /* MainStoryboard.storyboard in Resources */,
				6803E61F15F71934003D790C /* es.png in Resources */,
				6803E62115F71D4C003D790C /* config.png in Resources */,
				689DEC0415F789E4007C5F56 /* WR_fbicon_200x200.png in Resources */,
				684582D91601897100809CBD /* icon_settings.png in Resources */,
			);
			runOnlyForDeploymentPostprocessing = 0;
		};
		68A2AC7315F36697009678FF /* Resources */ = {
			isa = PBXResourcesBuildPhase;
			buildActionMask = 2147483647;
			files = (
				68A2AC8315F36697009678FF /* InfoPlist.strings in Resources */,
			);
			runOnlyForDeploymentPostprocessing = 0;
		};
/* End PBXResourcesBuildPhase section */

/* Begin PBXShellScriptBuildPhase section */
		68A2AC7415F36697009678FF /* ShellScript */ = {
			isa = PBXShellScriptBuildPhase;
			buildActionMask = 2147483647;
			files = (
			);
			inputPaths = (
			);
			outputPaths = (
			);
			runOnlyForDeploymentPostprocessing = 0;
			shellPath = /bin/sh;
			shellScript = "# Run the unit tests in this test bundle.\n\"${SYSTEM_DEVELOPER_DIR}/Tools/RunUnitTests\"\n";
		};
/* End PBXShellScriptBuildPhase section */

/* Begin PBXSourcesBuildPhase section */
		68A2AC4915F36696009678FF /* Sources */ = {
			isa = PBXSourcesBuildPhase;
			buildActionMask = 2147483647;
			files = (
				68A2AC6015F36697009678FF /* main.m in Sources */,
				68A2AC6415F36697009678FF /* FCAppDelegate.m in Sources */,
				68A2AC6A15F36697009678FF /* FlashCard.xcdatamodeld in Sources */,
				68A2AC6D15F36697009678FF /* FCMasterViewController.m in Sources */,
				68A2AC7015F36697009678FF /* FCDetailViewController.m in Sources */,
				6803E5B015F5D5F4003D790C /* FCSplitViewController.m in Sources */,
				6803E63715F752DB003D790C /* NSDate+RelativeExtension.m in Sources */,
				689DC9F115F84927006CED9B /* LoginViewController.m in Sources */,
				6891B4581604746400755DBD /* Entry.m in Sources */,
				68C7730F1604835B00715D5B /* ConfigViewController.m in Sources */,
				68C773121604EBA400715D5B /* LanguageViewController.m in Sources */,
				68C7731A1605C03500715D5B /* SDTableView.m in Sources */,
				680594FF1608C5B100D727CD /* Note.m in Sources */,
			);
			runOnlyForDeploymentPostprocessing = 0;
		};
		68A2AC7115F36697009678FF /* Sources */ = {
			isa = PBXSourcesBuildPhase;
			buildActionMask = 2147483647;
			files = (
				68A2AC8615F36697009678FF /* FlashCardTests.m in Sources */,
			);
			runOnlyForDeploymentPostprocessing = 0;
		};
/* End PBXSourcesBuildPhase section */

/* Begin PBXTargetDependency section */
		68A2AC7D15F36697009678FF /* PBXTargetDependency */ = {
			isa = PBXTargetDependency;
			target = 68A2AC4C15F36696009678FF /* FlashCard */;
			targetProxy = 68A2AC7C15F36697009678FF /* PBXContainerItemProxy */;
		};
/* End PBXTargetDependency section */

/* Begin PBXVariantGroup section */
		68A2AC5C15F36697009678FF /* InfoPlist.strings */ = {
			isa = PBXVariantGroup;
			children = (
				68A2AC5D15F36697009678FF /* en */,
			);
			name = InfoPlist.strings;
			sourceTree = "<group>";
		};
		68A2AC6515F36697009678FF /* MainStoryboard.storyboard */ = {
			isa = PBXVariantGroup;
			children = (
				68A2AC6615F36697009678FF /* en */,
			);
			name = MainStoryboard.storyboard;
			sourceTree = "<group>";
		};
		68A2AC8115F36697009678FF /* InfoPlist.strings */ = {
			isa = PBXVariantGroup;
			children = (
				68A2AC8215F36697009678FF /* en */,
			);
			name = InfoPlist.strings;
			sourceTree = "<group>";
		};
/* End PBXVariantGroup section */

/* Begin XCBuildConfiguration section */
		68A2AC8715F36697009678FF /* Debug */ = {
			isa = XCBuildConfiguration;
			buildSettings = {
				ALWAYS_SEARCH_USER_PATHS = NO;
				ARCHS = "$(ARCHS_STANDARD_32_BIT)";
				CLANG_ENABLE_OBJC_ARC = YES;
				CODE_SIGN_IDENTITY = "";
				"CODE_SIGN_IDENTITY[sdk=*]" = "iPhone Developer";
				"CODE_SIGN_IDENTITY[sdk=iphoneos*]" = "iPhone Developer";
				COPY_PHASE_STRIP = NO;
				GCC_C_LANGUAGE_STANDARD = gnu99;
				GCC_DYNAMIC_NO_PIC = NO;
				GCC_OPTIMIZATION_LEVEL = 0;
				GCC_PREPROCESSOR_DEFINITIONS = (
					"DEBUG=1",
					"$(inherited)",
				);
				GCC_SYMBOLS_PRIVATE_EXTERN = NO;
				GCC_VERSION = com.apple.compilers.llvm.clang.1_0;
				GCC_WARN_ABOUT_MISSING_PROTOTYPES = YES;
				GCC_WARN_ABOUT_RETURN_TYPE = YES;
				GCC_WARN_UNUSED_VARIABLE = YES;
				IPHONEOS_DEPLOYMENT_TARGET = 5.0;
				OTHER_CODE_SIGN_FLAGS = "";
				"OTHER_CODE_SIGN_FLAGS[sdk=*]" = "";
				"PROVISIONING_PROFILE[sdk=*]" = "";
				"PROVISIONING_PROFILE[sdk=iphoneos*]" = "";
				SDKROOT = iphoneos;
				TARGETED_DEVICE_FAMILY = 2;
			};
			name = Debug;
		};
		68A2AC8815F36697009678FF /* Release */ = {
			isa = XCBuildConfiguration;
			buildSettings = {
				ALWAYS_SEARCH_USER_PATHS = NO;
				ARCHS = "$(ARCHS_STANDARD_32_BIT)";
				CLANG_ENABLE_OBJC_ARC = YES;
				CODE_SIGN_IDENTITY = "";
				"CODE_SIGN_IDENTITY[sdk=iphoneos*]" = "iPhone Developer";
				COPY_PHASE_STRIP = YES;
				GCC_C_LANGUAGE_STANDARD = gnu99;
				GCC_VERSION = com.apple.compilers.llvm.clang.1_0;
				GCC_WARN_ABOUT_MISSING_PROTOTYPES = YES;
				GCC_WARN_ABOUT_RETURN_TYPE = YES;
				GCC_WARN_UNUSED_VARIABLE = YES;
				IPHONEOS_DEPLOYMENT_TARGET = 5.0;
				OTHER_CFLAGS = "-DNS_BLOCK_ASSERTIONS=1";
				OTHER_CODE_SIGN_FLAGS = "";
				"PROVISIONING_PROFILE[sdk=iphoneos*]" = "";
				SDKROOT = iphoneos;
				TARGETED_DEVICE_FAMILY = 2;
				VALIDATE_PRODUCT = YES;
			};
			name = Release;
		};
		68A2AC8A15F36697009678FF /* Debug */ = {
			isa = XCBuildConfiguration;
			buildSettings = {
				"CODE_SIGN_IDENTITY[sdk=*]" = "iPhone Developer";
				"CODE_SIGN_IDENTITY[sdk=iphoneos*]" = "iPhone Developer";
				FRAMEWORK_SEARCH_PATHS = (
					"$(inherited)",
					"\"$(SRCROOT)\"",
					"\"$(SDKROOT)$(SYSTEM_LIBRARY_DIR)/PrivateFrameworks\"",
				);
				GCC_PRECOMPILE_PREFIX_HEADER = YES;
				GCC_PREFIX_HEADER = "FlashCard/FlashCard-Prefix.pch";
				INFOPLIST_FILE = "FlashCard/FlashCard-Info.plist";
				PRODUCT_NAME = "$(TARGET_NAME)";
				"PROVISIONING_PROFILE[sdk=*]" = "";
				"PROVISIONING_PROFILE[sdk=iphoneos*]" = "";
				WRAPPER_EXTENSION = app;
			};
			name = Debug;
		};
		68A2AC8B15F36697009678FF /* Release */ = {
			isa = XCBuildConfiguration;
			buildSettings = {
				"CODE_SIGN_IDENTITY[sdk=iphoneos*]" = "iPhone Developer";
				FRAMEWORK_SEARCH_PATHS = (
					"$(inherited)",
					"\"$(SRCROOT)\"",
					"\"$(SDKROOT)$(SYSTEM_LIBRARY_DIR)/PrivateFrameworks\"",
				);
				GCC_PRECOMPILE_PREFIX_HEADER = YES;
				GCC_PREFIX_HEADER = "FlashCard/FlashCard-Prefix.pch";
				INFOPLIST_FILE = "FlashCard/FlashCard-Info.plist";
				PRODUCT_NAME = "$(TARGET_NAME)";
				"PROVISIONING_PROFILE[sdk=iphoneos*]" = "";
				WRAPPER_EXTENSION = app;
			};
			name = Release;
		};
		68A2AC8D15F36697009678FF /* Debug */ = {
			isa = XCBuildConfiguration;
			buildSettings = {
				BUNDLE_LOADER = "$(BUILT_PRODUCTS_DIR)/FlashCard.app/FlashCard";
				FRAMEWORK_SEARCH_PATHS = (
					"$(SDKROOT)/Developer/Library/Frameworks",
					"$(DEVELOPER_LIBRARY_DIR)/Frameworks",
				);
				GCC_PRECOMPILE_PREFIX_HEADER = YES;
				GCC_PREFIX_HEADER = "FlashCard/FlashCard-Prefix.pch";
				INFOPLIST_FILE = "FlashCardTests/FlashCardTests-Info.plist";
				PRODUCT_NAME = "$(TARGET_NAME)";
				TEST_HOST = "$(BUNDLE_LOADER)";
				WRAPPER_EXTENSION = octest;
			};
			name = Debug;
		};
		68A2AC8E15F36697009678FF /* Release */ = {
			isa = XCBuildConfiguration;
			buildSettings = {
				BUNDLE_LOADER = "$(BUILT_PRODUCTS_DIR)/FlashCard.app/FlashCard";
				FRAMEWORK_SEARCH_PATHS = (
					"$(SDKROOT)/Developer/Library/Frameworks",
					"$(DEVELOPER_LIBRARY_DIR)/Frameworks",
				);
				GCC_PRECOMPILE_PREFIX_HEADER = YES;
				GCC_PREFIX_HEADER = "FlashCard/FlashCard-Prefix.pch";
				INFOPLIST_FILE = "FlashCardTests/FlashCardTests-Info.plist";
				PRODUCT_NAME = "$(TARGET_NAME)";
				TEST_HOST = "$(BUNDLE_LOADER)";
				WRAPPER_EXTENSION = octest;
			};
			name = Release;
		};
/* End XCBuildConfiguration section */

/* Begin XCConfigurationList section */
		68A2AC4715F36696009678FF /* Build configuration list for PBXProject "FlashCard" */ = {
			isa = XCConfigurationList;
			buildConfigurations = (
				68A2AC8715F36697009678FF /* Debug */,
				68A2AC8815F36697009678FF /* Release */,
			);
			defaultConfigurationIsVisible = 0;
			defaultConfigurationName = Release;
		};
		68A2AC8915F36697009678FF /* Build configuration list for PBXNativeTarget "FlashCard" */ = {
			isa = XCConfigurationList;
			buildConfigurations = (
				68A2AC8A15F36697009678FF /* Debug */,
				68A2AC8B15F36697009678FF /* Release */,
			);
			defaultConfigurationIsVisible = 0;
			defaultConfigurationName = Release;
		};
		68A2AC8C15F36697009678FF /* Build configuration list for PBXNativeTarget "FlashCardTests" */ = {
			isa = XCConfigurationList;
			buildConfigurations = (
				68A2AC8D15F36697009678FF /* Debug */,
				68A2AC8E15F36697009678FF /* Release */,
			);
			defaultConfigurationIsVisible = 0;
			defaultConfigurationName = Release;
		};
/* End XCConfigurationList section */

/* Begin XCVersionGroup section */
		68A2AC6815F36697009678FF /* FlashCard.xcdatamodeld */ = {
			isa = XCVersionGroup;
			children = (
				68A2AC6915F36697009678FF /* FlashCard.xcdatamodel */,
			);
			currentVersion = 68A2AC6915F36697009678FF /* FlashCard.xcdatamodel */;
			path = FlashCard.xcdatamodeld;
			sourceTree = "<group>";
			versionGroupType = wrapper.xcdatamodel;
		};
/* End XCVersionGroup section */
	};
	rootObject = 68A2AC4415F36696009678FF /* Project object */;
}
