// !$*UTF8*$!
{
	archiveVersion = 1;
	classes = {
	};
	objectVersion = 46;
	objects = {

/* Begin PBXBuildFile section */
		68A2AC5215F36697009678FF /* UIKit.framework in Frameworks */ = {isa = PBXBuildFile; fileRef = 68A2AC5115F36697009678FF /* UIKit.framework */; };
		68A2AC5415F36697009678FF /* Foundation.framework in Frameworks */ = {isa = PBXBuildFile; fileRef = 68A2AC5315F36697009678FF /* Foundation.framework */; };
		68A2AC5615F36697009678FF /* CoreGraphics.framework in Frameworks */ = {isa = PBXBuildFile; fileRef = 68A2AC5515F36697009678FF /* CoreGraphics.framework */; };
		68A2AC5815F36697009678FF /* CoreData.framework in Frameworks */ = {isa = PBXBuildFile; fileRef = 68A2AC5715F36697009678FF /* CoreData.framework */; };
		68A2AC5E15F36697009678FF /* InfoPlist.strings in Resources */ = {isa = PBXBuildFile; fileRef = 68A2AC5C15F36697009678FF /* InfoPlist.strings */; };
		68A2AC6015F36697009678FF /* main.m in Sources */ = {isa = PBXBuildFile; fileRef = 68A2AC5F15F36697009678FF /* main.m */; };
		68A2AC6415F36697009678FF /* FCAppDelegate.m in Sources */ = {isa = PBXBuildFile; fileRef = 68A2AC6315F36697009678FF /* FCAppDelegate.m */; };
		68A2AC6715F36697009678FF /* MainStoryboard.storyboard in Resources */ = {isa = PBXBuildFile; fileRef = 68A2AC6515F36697009678FF /* MainStoryboard.storyboard */; };
		68A2AC6A15F36697009678FF /* FlashCard.xcdatamodeld in Sources */ = {isa = PBXBuildFile; fileRef = 68A2AC6815F36697009678FF /* FlashCard.xcdatamodeld */; };
		68A2AC6D15F36697009678FF /* FCMasterViewController.m in Sources */ = {isa = PBXBuildFile; fileRef = 68A2AC6C15F36697009678FF /* FCMasterViewController.m */; };
		68A2AC7015F36697009678FF /* FCDetailViewController.m in Sources */ = {isa = PBXBuildFile; fileRef = 68A2AC6F15F36697009678FF /* FCDetailViewController.m */; };
		68A2AC7815F36697009678FF /* SenTestingKit.framework in Frameworks */ = {isa = PBXBuildFile; fileRef = 68A2AC7715F36697009678FF /* SenTestingKit.framework */; };
		68A2AC7915F36697009678FF /* UIKit.framework in Frameworks */ = {isa = PBXBuildFile; fileRef = 68A2AC5115F36697009678FF /* UIKit.framework */; };
		68A2AC7A15F36697009678FF /* Foundation.framework in Frameworks */ = {isa = PBXBuildFile; fileRef = 68A2AC5315F36697009678FF /* Foundation.framework */; };
		68A2AC7B15F36697009678FF /* CoreData.framework in Frameworks */ = {isa = PBXBuildFile; fileRef = 68A2AC5715F36697009678FF /* CoreData.framework */; };
		68A2AC8315F36697009678FF /* InfoPlist.strings in Resources */ = {isa = PBXBuildFile; fileRef = 68A2AC8115F36697009678FF /* InfoPlist.strings */; };
		68A2AC8615F36697009678FF /* FlashCardTests.m in Sources */ = {isa = PBXBuildFile; fileRef = 68A2AC8515F36697009678FF /* FlashCardTests.m */; };
/* End PBXBuildFile section */

/* Begin PBXContainerItemProxy section */
		68A2AC7C15F36697009678FF /* PBXContainerItemProxy */ = {
			isa = PBXContainerItemProxy;
			containerPortal = 68A2AC4415F36696009678FF /* Project object */;
			proxyType = 1;
			remoteGlobalIDString = 68A2AC4C15F36696009678FF;
			remoteInfo = FlashCard;
		};
/* End PBXContainerItemProxy section */

/* Begin PBXFileReference section */
		68A2AC4D15F36696009678FF /* FlashCard.app */ = {isa = PBXFileReference; explicitFileType = wrapper.application; includeInIndex = 0; path = FlashCard.app; sourceTree = BUILT_PRODUCTS_DIR; };
		68A2AC5115F36697009678FF /* UIKit.framework */ = {isa = PBXFileReference; lastKnownFileType = wrapper.framework; name = UIKit.framework; path = System/Library/Frameworks/UIKit.framework; sourceTree = SDKROOT; };
		68A2AC5315F36697009678FF /* Foundation.framework */ = {isa = PBXFileReference; lastKnownFileType = wrapper.framework; name = Foundation.framework; path = System/Library/Frameworks/Foundation.framework; sourceTree = SDKROOT; };
		68A2AC5515F36697009678FF /* CoreGraphics.framework */ = {isa = PBXFileReference; lastKnownFileType = wrapper.framework; name = CoreGraphics.framework; path = System/Library/Frameworks/CoreGraphics.framework; sourceTree = SDKROOT; };
		68A2AC5715F36697009678FF /* CoreData.framework */ = {isa = PBXFileReference; lastKnownFileType = wrapper.framework; name = CoreData.framework; path = System/Library/Frameworks/CoreData.framework; sourceTree = SDKROOT; };
		68A2AC5B15F36697009678FF /* FlashCard-Info.plist */ = {isa = PBXFileReference; path = "FlashCard-Info.plist"; sourceTree = "<group>"; };
		68A2AC5D15F36697009678FF /* en */ = {isa = PBXFileReference; lastKnownFileType = text.plist.strings; name = en; path = en.lproj/InfoPlist.strings; sourceTree = "<group>"; };
		68A2AC5F15F36697009678FF /* main.m */ = {isa = PBXFileReference; lastKnownFileType = sourcecode.c.objc; path = main.m; sourceTree = "<group>"; };
		68A2AC6115F36697009678FF /* FlashCard-Prefix.pch */ = {isa = PBXFileReference; path = "FlashCard-Prefix.pch"; sourceTree = "<group>"; };
		68A2AC6215F36697009678FF /* FCAppDelegate.h */ = {isa = PBXFileReference; path = FCAppDelegate.h; sourceTree = "<group>"; };
		68A2AC6315F36697009678FF /* FCAppDelegate.m */ = {isa = PBXFileReference; lastKnownFileType = sourcecode.c.objc; path = FCAppDelegate.m; sourceTree = "<group>"; };
		68A2AC6615F36697009678FF /* en */ = {isa = PBXFileReference; lastKnownFileType = file.storyboard; name = en; path = en.lproj/MainStoryboard.storyboard; sourceTree = "<group>"; };
		68A2AC6915F36697009678FF /* FlashCard.xcdatamodel */ = {isa = PBXFileReference; lastKnownFileType = wrapper.xcdatamodel; path = FlashCard.xcdatamodel; sourceTree = "<group>"; };
		68A2AC6B15F36697009678FF /* FCMasterViewController.h */ = {isa = PBXFileReference; path = FCMasterViewController.h; sourceTree = "<group>"; };
		68A2AC6C15F36697009678FF /* FCMasterViewController.m */ = {isa = PBXFileReference; lastKnownFileType = sourcecode.c.objc; path = FCMasterViewController.m; sourceTree = "<group>"; };
		68A2AC6E15F36697009678FF /* FCDetailViewController.h */ = {isa = PBXFileReference; path = FCDetailViewController.h; sourceTree = "<group>"; };
		68A2AC6F15F36697009678FF /* FCDetailViewController.m */ = {isa = PBXFileReference; lastKnownFileType = sourcecode.c.objc; path = FCDetailViewController.m; sourceTree = "<group>"; };
		68A2AC7615F36697009678FF /* FlashCardTests.octest */ = {isa = PBXFileReference; explicitFileType = wrapper.cfbundle; includeInIndex = 0; path = FlashCardTests.octest; sourceTree = BUILT_PRODUCTS_DIR; };
		68A2AC7715F36697009678FF /* SenTestingKit.framework */ = {isa = PBXFileReference; lastKnownFileType = wrapper.framework; name = SenTestingKit.framework; path = Library/Frameworks/SenTestingKit.framework; sourceTree = DEVELOPER_DIR; };
		68A2AC8015F36697009678FF /* FlashCardTests-Info.plist */ = {isa = PBXFileReference; path = "FlashCardTests-Info.plist"; sourceTree = "<group>"; };
		68A2AC8215F36697009678FF /* en */ = {isa = PBXFileReference; lastKnownFileType = text.plist.strings; name = en; path = en.lproj/InfoPlist.strings; sourceTree = "<group>"; };
		68A2AC8415F36697009678FF /* FlashCardTests.h */ = {isa = PBXFileReference; path = FlashCardTests.h; sourceTree = "<group>"; };
		68A2AC8515F36697009678FF /* FlashCardTests.m */ = {isa = PBXFileReference; lastKnownFileType = sourcecode.c.objc; path = FlashCardTests.m; sourceTree = "<group>"; };
/* End PBXFileReference section */

/* Begin PBXFrameworksBuildPhase section */
		68A2AC4A15F36696009678FF /* Frameworks */ = {
			isa = PBXFrameworksBuildPhase;
			buildActionMask = 2147483647;
			files = (
				68A2AC5215F36697009678FF /* UIKit.framework in Frameworks */,
				68A2AC5415F36697009678FF /* Foundation.framework in Frameworks */,
				68A2AC5615F36697009678FF /* CoreGraphics.framework in Frameworks */,
				68A2AC5815F36697009678FF /* CoreData.framework in Frameworks */,
			);
			runOnlyForDeploymentPostprocessing = 0;
		};
		68A2AC7215F36697009678FF /* Frameworks */ = {
			isa = PBXFrameworksBuildPhase;
			buildActionMask = 2147483647;
			files = (
				68A2AC7815F36697009678FF /* SenTestingKit.framework in Frameworks */,
				68A2AC7915F36697009678FF /* UIKit.framework in Frameworks */,
				68A2AC7A15F36697009678FF /* Foundation.framework in Frameworks */,
				68A2AC7B15F36697009678FF /* CoreData.framework in Frameworks */,
			);
			runOnlyForDeploymentPostprocessing = 0;
		};
/* End PBXFrameworksBuildPhase section */

/* Begin PBXGroup section */
		68A2AC4215F36696009678FF = {
			isa = PBXGroup;
			children = (
				68A2AC5915F36697009678FF /* FlashCard */,
				68A2AC7E15F36697009678FF /* FlashCardTests */,
				68A2AC5015F36696009678FF /* Frameworks */,
				68A2AC4E15F36696009678FF /* Products */,
			);
			sourceTree = "<group>";
		};
		68A2AC4E15F36696009678FF /* Products */ = {
			isa = PBXGroup;
			children = (
				68A2AC4D15F36696009678FF /* FlashCard.app */,
				68A2AC7615F36697009678FF /* FlashCardTests.octest */,
			);
			name = Products;
			sourceTree = "<group>";
		};
		68A2AC5015F36696009678FF /* Frameworks */ = {
			isa = PBXGroup;
			children = (
				68A2AC5115F36697009678FF /* UIKit.framework */,
				68A2AC5315F36697009678FF /* Foundation.framework */,
				68A2AC5515F36697009678FF /* CoreGraphics.framework */,
				68A2AC5715F36697009678FF /* CoreData.framework */,
				68A2AC7715F36697009678FF /* SenTestingKit.framework */,
			);
			name = Frameworks;
			sourceTree = "<group>";
		};
		68A2AC5915F36697009678FF /* FlashCard */ = {
			isa = PBXGroup;
			children = (
				68A2AC6215F36697009678FF /* FCAppDelegate.h */,
				68A2AC6315F36697009678FF /* FCAppDelegate.m */,
				68A2AC6515F36697009678FF /* MainStoryboard.storyboard */,
				68A2AC6B15F36697009678FF /* FCMasterViewController.h */,
				68A2AC6C15F36697009678FF /* FCMasterViewController.m */,
				68A2AC6E15F36697009678FF /* FCDetailViewController.h */,
				68A2AC6F15F36697009678FF /* FCDetailViewController.m */,
				68A2AC6815F36697009678FF /* FlashCard.xcdatamodeld */,
				68A2AC5A15F36697009678FF /* Supporting Files */,
			);
			path = FlashCard;
			sourceTree = "<group>";
		};
		68A2AC5A15F36697009678FF /* Supporting Files */ = {
			isa = PBXGroup;
			children = (
				68A2AC5B15F36697009678FF /* FlashCard-Info.plist */,
				68A2AC5C15F36697009678FF /* InfoPlist.strings */,
				68A2AC5F15F36697009678FF /* main.m */,
				68A2AC6115F36697009678FF /* FlashCard-Prefix.pch */,
			);
			name = "Supporting Files";
			sourceTree = "<group>";
		};
		68A2AC7E15F36697009678FF /* FlashCardTests */ = {
			isa = PBXGroup;
			children = (
				68A2AC8415F36697009678FF /* FlashCardTests.h */,
				68A2AC8515F36697009678FF /* FlashCardTests.m */,
				68A2AC7F15F36697009678FF /* Supporting Files */,
			);
			path = FlashCardTests;
			sourceTree = "<group>";
		};
		68A2AC7F15F36697009678FF /* Supporting Files */ = {
			isa = PBXGroup;
			children = (
				68A2AC8015F36697009678FF /* FlashCardTests-Info.plist */,
				68A2AC8115F36697009678FF /* InfoPlist.strings */,
			);
			name = "Supporting Files";
			sourceTree = "<group>";
		};
/* End PBXGroup section */

/* Begin PBXNativeTarget section */
		68A2AC4C15F36696009678FF /* FlashCard */ = {
			isa = PBXNativeTarget;
			buildConfigurationList = 68A2AC8915F36697009678FF /* Build configuration list for PBXNativeTarget "FlashCard" */;
			buildPhases = (
				68A2AC4915F36696009678FF /* Sources */,
				68A2AC4A15F36696009678FF /* Frameworks */,
				68A2AC4B15F36696009678FF /* Resources */,
			);
			buildRules = (
			);
			dependencies = (
			);
			name = FlashCard;
			productName = FlashCard;
			productReference = 68A2AC4D15F36696009678FF /* FlashCard.app */;
			productType = "com.apple.product-type.application";
		};
		68A2AC7515F36697009678FF /* FlashCardTests */ = {
			isa = PBXNativeTarget;
			buildConfigurationList = 68A2AC8C15F36697009678FF /* Build configuration list for PBXNativeTarget "FlashCardTests" */;
			buildPhases = (
				68A2AC7115F36697009678FF /* Sources */,
				68A2AC7215F36697009678FF /* Frameworks */,
				68A2AC7315F36697009678FF /* Resources */,
				68A2AC7415F36697009678FF /* ShellScript */,
			);
			buildRules = (
			);
			dependencies = (
				68A2AC7D15F36697009678FF /* PBXTargetDependency */,
			);
			name = FlashCardTests;
			productName = FlashCardTests;
			productReference = 68A2AC7615F36697009678FF /* FlashCardTests.octest */;
			productType = "com.apple.product-type.bundle";
		};
/* End PBXNativeTarget section */

/* Begin PBXProject section */
		68A2AC4415F36696009678FF /* Project object */ = {
			isa = PBXProject;
			attributes = {
				LastUpgradeCheck = 0420;
			};
			buildConfigurationList = 68A2AC4715F36696009678FF /* Build configuration list for PBXProject "FlashCard" */;
			compatibilityVersion = "Xcode 3.2";
			developmentRegion = English;
			hasScannedForEncodings = 0;
			knownRegions = (
				en,
			);
			mainGroup = 68A2AC4215F36696009678FF;
			productRefGroup = 68A2AC4E15F36696009678FF /* Products */;
			projectDirPath = "";
			projectRoot = "";
			targets = (
				68A2AC4C15F36696009678FF /* FlashCard */,
				68A2AC7515F36697009678FF /* FlashCardTests */,
			);
		};
/* End PBXProject section */

/* Begin PBXResourcesBuildPhase section */
		68A2AC4B15F36696009678FF /* Resources */ = {
			isa = PBXResourcesBuildPhase;
			buildActionMask = 2147483647;
			files = (
				68A2AC5E15F36697009678FF /* InfoPlist.strings in Resources */,
				68A2AC6715F36697009678FF /* MainStoryboard.storyboard in Resources */,
			);
			runOnlyForDeploymentPostprocessing = 0;
		};
		68A2AC7315F36697009678FF /* Resources */ = {
			isa = PBXResourcesBuildPhase;
			buildActionMask = 2147483647;
			files = (
				68A2AC8315F36697009678FF /* InfoPlist.strings in Resources */,
			);
			runOnlyForDeploymentPostprocessing = 0;
		};
/* End PBXResourcesBuildPhase section */

/* Begin PBXShellScriptBuildPhase section */
		68A2AC7415F36697009678FF /* ShellScript */ = {
			isa = PBXShellScriptBuildPhase;
			buildActionMask = 2147483647;
			files = (
			);
			inputPaths = (
			);
			outputPaths = (
			);
			runOnlyForDeploymentPostprocessing = 0;
			shellPath = /bin/sh;
			shellScript = "# Run the unit tests in this test bundle.\n\"${SYSTEM_DEVELOPER_DIR}/Tools/RunUnitTests\"\n";
		};
/* End PBXShellScriptBuildPhase section */

/* Begin PBXSourcesBuildPhase section */
		68A2AC4915F36696009678FF /* Sources */ = {
			isa = PBXSourcesBuildPhase;
			buildActionMask = 2147483647;
			files = (
				68A2AC6015F36697009678FF /* main.m in Sources */,
				68A2AC6415F36697009678FF /* FCAppDelegate.m in Sources */,
				68A2AC6A15F36697009678FF /* FlashCard.xcdatamodeld in Sources */,
				68A2AC6D15F36697009678FF /* FCMasterViewController.m in Sources */,
				68A2AC7015F36697009678FF /* FCDetailViewController.m in Sources */,
			);
			runOnlyForDeploymentPostprocessing = 0;
		};
		68A2AC7115F36697009678FF /* Sources */ = {
			isa = PBXSourcesBuildPhase;
			buildActionMask = 2147483647;
			files = (
				68A2AC8615F36697009678FF /* FlashCardTests.m in Sources */,
			);
			runOnlyForDeploymentPostprocessing = 0;
		};
/* End PBXSourcesBuildPhase section */

/* Begin PBXTargetDependency section */
		68A2AC7D15F36697009678FF /* PBXTargetDependency */ = {
			isa = PBXTargetDependency;
			target = 68A2AC4C15F36696009678FF /* FlashCard */;
			targetProxy = 68A2AC7C15F36697009678FF /* PBXContainerItemProxy */;
		};
/* End PBXTargetDependency section */

/* Begin PBXVariantGroup section */
		68A2AC5C15F36697009678FF /* InfoPlist.strings */ = {
			isa = PBXVariantGroup;
			children = (
				68A2AC5D15F36697009678FF /* en */,
			);
			name = InfoPlist.strings;
			sourceTree = "<group>";
		};
		68A2AC6515F36697009678FF /* MainStoryboard.storyboard */ = {
			isa = PBXVariantGroup;
			children = (
				68A2AC6615F36697009678FF /* en */,
			);
			name = MainStoryboard.storyboard;
			sourceTree = "<group>";
		};
		68A2AC8115F36697009678FF /* InfoPlist.strings */ = {
			isa = PBXVariantGroup;
			children = (
				68A2AC8215F36697009678FF /* en */,
			);
			name = InfoPlist.strings;
			sourceTree = "<group>";
		};
/* End PBXVariantGroup section */

/* Begin XCBuildConfiguration section */
		68A2AC8715F36697009678FF /* Debug */ = {
			isa = XCBuildConfiguration;
			buildSettings = {
				ALWAYS_SEARCH_USER_PATHS = NO;
				ARCHS = "$(ARCHS_STANDARD_32_BIT)";
				CLANG_ENABLE_OBJC_ARC = YES;
				"CODE_SIGN_IDENTITY[sdk=iphoneos*]" = "iPhone Developer";
				COPY_PHASE_STRIP = NO;
				GCC_C_LANGUAGE_STANDARD = gnu99;
				GCC_DYNAMIC_NO_PIC = NO;
				GCC_OPTIMIZATION_LEVEL = 0;
				GCC_PREPROCESSOR_DEFINITIONS = (
					"DEBUG=1",
					"$(inherited)",
				);
				GCC_SYMBOLS_PRIVATE_EXTERN = NO;
				GCC_VERSION = com.apple.compilers.llvm.clang.1_0;
				GCC_WARN_ABOUT_MISSING_PROTOTYPES = YES;
				GCC_WARN_ABOUT_RETURN_TYPE = YES;
				GCC_WARN_UNUSED_VARIABLE = YES;
				IPHONEOS_DEPLOYMENT_TARGET = 5.0;
				SDKROOT = iphoneos;
				TARGETED_DEVICE_FAMILY = 2;
			};
			name = Debug;
		};
		68A2AC8815F36697009678FF /* Release */ = {
			isa = XCBuildConfiguration;
			buildSettings = {
				ALWAYS_SEARCH_USER_PATHS = NO;
				ARCHS = "$(ARCHS_STANDARD_32_BIT)";
				CLANG_ENABLE_OBJC_ARC = YES;
				"CODE_SIGN_IDENTITY[sdk=iphoneos*]" = "iPhone Developer";
				COPY_PHASE_STRIP = YES;
				GCC_C_LANGUAGE_STANDARD = gnu99;
				GCC_VERSION = com.apple.compilers.llvm.clang.1_0;
				GCC_WARN_ABOUT_MISSING_PROTOTYPES = YES;
				GCC_WARN_ABOUT_RETURN_TYPE = YES;
				GCC_WARN_UNUSED_VARIABLE = YES;
				IPHONEOS_DEPLOYMENT_TARGET = 5.0;
				OTHER_CFLAGS = "-DNS_BLOCK_ASSERTIONS=1";
				SDKROOT = iphoneos;
				TARGETED_DEVICE_FAMILY = 2;
				VALIDATE_PRODUCT = YES;
			};
			name = Release;
		};
		68A2AC8A15F36697009678FF /* Debug */ = {
			isa = XCBuildConfiguration;
			buildSettings = {
				GCC_PRECOMPILE_PREFIX_HEADER = YES;
				GCC_PREFIX_HEADER = "FlashCard/FlashCard-Prefix.pch";
				INFOPLIST_FILE = "FlashCard/FlashCard-Info.plist";
				PRODUCT_NAME = "$(TARGET_NAME)";
				WRAPPER_EXTENSION = app;
			};
			name = Debug;
		};
		68A2AC8B15F36697009678FF /* Release */ = {
			isa = XCBuildConfiguration;
			buildSettings = {
				GCC_PRECOMPILE_PREFIX_HEADER = YES;
				GCC_PREFIX_HEADER = "FlashCard/FlashCard-Prefix.pch";
				INFOPLIST_FILE = "FlashCard/FlashCard-Info.plist";
				PRODUCT_NAME = "$(TARGET_NAME)";
				WRAPPER_EXTENSION = app;
			};
			name = Release;
		};
		68A2AC8D15F36697009678FF /* Debug */ = {
			isa = XCBuildConfiguration;
			buildSettings = {
				BUNDLE_LOADER = "$(BUILT_PRODUCTS_DIR)/FlashCard.app/FlashCard";
				FRAMEWORK_SEARCH_PATHS = (
					"$(SDKROOT)/Developer/Library/Frameworks",
					"$(DEVELOPER_LIBRARY_DIR)/Frameworks",
				);
				GCC_PRECOMPILE_PREFIX_HEADER = YES;
				GCC_PREFIX_HEADER = "FlashCard/FlashCard-Prefix.pch";
				INFOPLIST_FILE = "FlashCardTests/FlashCardTests-Info.plist";
				PRODUCT_NAME = "$(TARGET_NAME)";
				TEST_HOST = "$(BUNDLE_LOADER)";
				WRAPPER_EXTENSION = octest;
			};
			name = Debug;
		};
		68A2AC8E15F36697009678FF /* Release */ = {
			isa = XCBuildConfiguration;
			buildSettings = {
				BUNDLE_LOADER = "$(BUILT_PRODUCTS_DIR)/FlashCard.app/FlashCard";
				FRAMEWORK_SEARCH_PATHS = (
					"$(SDKROOT)/Developer/Library/Frameworks",
					"$(DEVELOPER_LIBRARY_DIR)/Frameworks",
				);
				GCC_PRECOMPILE_PREFIX_HEADER = YES;
				GCC_PREFIX_HEADER = "FlashCard/FlashCard-Prefix.pch";
				INFOPLIST_FILE = "FlashCardTests/FlashCardTests-Info.plist";
				PRODUCT_NAME = "$(TARGET_NAME)";
				TEST_HOST = "$(BUNDLE_LOADER)";
				WRAPPER_EXTENSION = octest;
			};
			name = Release;
		};
/* End XCBuildConfiguration section */

/* Begin XCConfigurationList section */
		68A2AC4715F36696009678FF /* Build configuration list for PBXProject "FlashCard" */ = {
			isa = XCConfigurationList;
			buildConfigurations = (
				68A2AC8715F36697009678FF /* Debug */,
				68A2AC8815F36697009678FF /* Release */,
			);
			defaultConfigurationIsVisible = 0;
			defaultConfigurationName = Release;
		};
		68A2AC8915F36697009678FF /* Build configuration list for PBXNativeTarget "FlashCard" */ = {
			isa = XCConfigurationList;
			buildConfigurations = (
				68A2AC8A15F36697009678FF /* Debug */,
				68A2AC8B15F36697009678FF /* Release */,
			);
			defaultConfigurationIsVisible = 0;
		};
		68A2AC8C15F36697009678FF /* Build configuration list for PBXNativeTarget "FlashCardTests" */ = {
			isa = XCConfigurationList;
			buildConfigurations = (
				68A2AC8D15F36697009678FF /* Debug */,
				68A2AC8E15F36697009678FF /* Release */,
			);
			defaultConfigurationIsVisible = 0;
		};
/* End XCConfigurationList section */

/* Begin XCVersionGroup section */
		68A2AC6815F36697009678FF /* FlashCard.xcdatamodeld */ = {
			isa = XCVersionGroup;
			children = (
				68A2AC6915F36697009678FF /* FlashCard.xcdatamodel */,
			);
			currentVersion = 68A2AC6915F36697009678FF /* FlashCard.xcdatamodel */;
			path = FlashCard.xcdatamodeld;
			sourceTree = "<group>";
			versionGroupType = wrapper.xcdatamodel;
		};
/* End XCVersionGroup section */
	};
	rootObject = 68A2AC4415F36696009678FF /* Project object */;
}
